{
    "_readme": [
        "This file locks the dependencies of your project to a known state",
        "Read more about it at https://getcomposer.org/doc/01-basic-usage.md#composer-lock-the-lock-file",
        "This file is @generated automatically"
    ],
    "hash": "2f5803881f1aa0aac702a7ca5a73b6a8",
    "content-hash": "03472534abce4b63c9984c498f284f3d",
    "packages": [
        {
            "name": "c5dev/thanks-for-installing-components",
            "version": "dev-master",
            "source": {
                "type": "git",
                "url": "https://github.com/c5labs/thanks-for-installing-components.git",
                "reference": "9327b3c182663e6dccc80ad487b58329db5e0844"
            },
            "dist": {
                "type": "zip",
                "url": "https://api.github.com/repos/c5labs/thanks-for-installing-components/zipball/9327b3c182663e6dccc80ad487b58329db5e0844",
                "reference": "9327b3c182663e6dccc80ad487b58329db5e0844",
                "shasum": ""
            },
            "type": "library",
            "autoload": {
                "psr-4": {
                    "C5dev\\Package\\Thanks\\": "src/"
                }
            },
            "license": [
                "MIT"
            ],
            "authors": [
                {
                    "name": "Oliver Green",
                    "email": "oliver@boxedcode.co.uk"
                }
            ],
            "description": "Post-package install thank you page components.",
            "support": {
                "source": "https://github.com/c5labs/thanks-for-installing-components/tree/master",
                "issues": "https://github.com/c5labs/thanks-for-installing-components/issues"
            },
            "time": "2016-09-10 23:35:14"
        }
    ],
    "packages-dev": [],
    "aliases": [],
    "minimum-stability": "dev",
    "stability-flags": {
        "c5dev/thanks-for-installing-components": 20
    },
    "prefer-stable": false,
    "prefer-lowest": false,
    "platform": [],
    "platform-dev": []
}
